
Microsoft Visual Studio Solution File, Format Version 12.00
# Visual Studio Version 17
VisualStudioVersion = 17.0.31903.59
MinimumVisualStudioVersion = 10.0.40219.1
Project("{FAE04EC0-301F-11D3-BF4B-00C04F79EFBC}") = "API", "API\API.csproj", "{E37BF8DE-7195-4554-B83F-8158D7EF6C35}"
EndProject
Project("{FAE04EC0-301F-11D3-BF4B-00C04F79EFBC}") = "Application", "Application\Application.csproj", "{9A9CB4EB-668C-4ED4-AA20-C9EB9C8B6CAF}"
EndProject
Project("{FAE04EC0-301F-11D3-BF4B-00C04F79EFBC}") = "Domain", "Domain\Domain.csproj", "{4DC36EBD-7B69-4983-A8DD-14E850B98385}"
EndProject
Project("{FAE04EC0-301F-11D3-BF4B-00C04F79EFBC}") = "Persistance", "Persistence\Persistence.csproj", "{D196CB6C-6C14-4EAF-B4EC-5B27A1ABCC27}"
EndProject
Global
	GlobalSection(SolutionConfigurationPlatforms) = preSolution
		Debug|Any CPU = Debug|Any CPU
		Release|Any CPU = Release|Any CPU
	EndGlobalSection
	GlobalSection(SolutionProperties) = preSolution
		HideSolutionNode = FALSE
	EndGlobalSection
	GlobalSection(ProjectConfigurationPlatforms) = postSolution
		{E37BF8DE-7195-4554-B83F-8158D7EF6C35}.Debug|Any CPU.ActiveCfg = Debug|Any CPU
		{E37BF8DE-7195-4554-B83F-8158D7EF6C35}.Debug|Any CPU.Build.0 = Debug|Any CPU
		{E37BF8DE-7195-4554-B83F-8158D7EF6C35}.Release|Any CPU.ActiveCfg = Release|Any CPU
		{E37BF8DE-7195-4554-B83F-8158D7EF6C35}.Release|Any CPU.Build.0 = Release|Any CPU
		{9A9CB4EB-668C-4ED4-AA20-C9EB9C8B6CAF}.Debug|Any CPU.ActiveCfg = Debug|Any CPU
		{9A9CB4EB-668C-4ED4-AA20-C9EB9C8B6CAF}.Debug|Any CPU.Build.0 = Debug|Any CPU
		{9A9CB4EB-668C-4ED4-AA20-C9EB9C8B6CAF}.Release|Any CPU.ActiveCfg = Release|Any CPU
		{9A9CB4EB-668C-4ED4-AA20-C9EB9C8B6CAF}.Release|Any CPU.Build.0 = Release|Any CPU
		{4DC36EBD-7B69-4983-A8DD-14E850B98385}.Debug|Any CPU.ActiveCfg = Debug|Any CPU
		{4DC36EBD-7B69-4983-A8DD-14E850B98385}.Debug|Any CPU.Build.0 = Debug|Any CPU
		{4DC36EBD-7B69-4983-A8DD-14E850B98385}.Release|Any CPU.ActiveCfg = Release|Any CPU
		{4DC36EBD-7B69-4983-A8DD-14E850B98385}.Release|Any CPU.Build.0 = Release|Any CPU
		{D196CB6C-6C14-4EAF-B4EC-5B27A1ABCC27}.Debug|Any CPU.ActiveCfg = Debug|Any CPU
		{D196CB6C-6C14-4EAF-B4EC-5B27A1ABCC27}.Debug|Any CPU.Build.0 = Debug|Any CPU
		{D196CB6C-6C14-4EAF-B4EC-5B27A1ABCC27}.Release|Any CPU.ActiveCfg = Release|Any CPU
		{D196CB6C-6C14-4EAF-B4EC-5B27A1ABCC27}.Release|Any CPU.Build.0 = Release|Any CPU
	EndGlobalSection
EndGlobal
